
Microsoft Visual Studio Solution File, Format Version 12.00
# Visual Studio Version 16
VisualStudioVersion = 16.0.31424.327
MinimumVisualStudioVersion = 10.0.40219.1
Project("{FAE04EC0-301F-11D3-BF4B-00C04F79EFBC}") = "MoodTracker-WPF", "MoodTracker-WPF.csproj", "{41D6D875-F659-4CFE-B7E6-76A87D6C12C2}"
EndProject
Global
	GlobalSection(SolutionConfigurationPlatforms) = preSolution
		Debug|Any CPU = Debug|Any CPU
		Release|Any CPU = Release|Any CPU
	EndGlobalSection
	GlobalSection(ProjectConfigurationPlatforms) = postSolution
		{41D6D875-F659-4CFE-B7E6-76A87D6C12C2}.Debug|Any CPU.ActiveCfg = Debug|Any CPU
		{41D6D875-F659-4CFE-B7E6-76A87D6C12C2}.Debug|Any CPU.Build.0 = Debug|Any CPU
		{41D6D875-F659-4CFE-B7E6-76A87D6C12C2}.Release|Any CPU.ActiveCfg = Release|Any CPU
		{41D6D875-F659-4CFE-B7E6-76A87D6C12C2}.Release|Any CPU.Build.0 = Release|Any CPU
	EndGlobalSection
	GlobalSection(SolutionProperties) = preSolution
		HideSolutionNode = FALSE
	EndGlobalSection
	GlobalSection(ExtensibilityGlobals) = postSolution
		SolutionGuid = {A0640A4F-74AA-40A9-BE77-C33BDF8B9183}
	EndGlobalSection
EndGlobal
